
Microsoft Visual Studio Solution File, Format Version 12.00
# Visual Studio Version 17
VisualStudioVersion = 17.13.35931.197 d17.13
MinimumVisualStudioVersion = 10.0.40219.1
Project("{888888A0-9F3D-457C-B088-3A5042F75D52}") = "SB_publication_PMC_Python_Analysis", "SB_publication_PMC_Python_Analysis\SB_publication_PMC_Python_Analysis.pyproj", "{028B1D51-5D49-493B-8E97-8B9FE7A3ABB3}"
EndProject
Global
	GlobalSection(SolutionConfigurationPlatforms) = preSolution
		Debug|Any CPU = Debug|Any CPU
		Release|Any CPU = Release|Any CPU
	EndGlobalSection
	GlobalSection(ProjectConfigurationPlatforms) = postSolution
		{028B1D51-5D49-493B-8E97-8B9FE7A3ABB3}.Debug|Any CPU.ActiveCfg = Debug|Any CPU
		{028B1D51-5D49-493B-8E97-8B9FE7A3ABB3}.Release|Any CPU.ActiveCfg = Release|Any CPU
	EndGlobalSection
	GlobalSection(SolutionProperties) = preSolution
		HideSolutionNode = FALSE
	EndGlobalSection
	GlobalSection(ExtensibilityGlobals) = postSolution
		SolutionGuid = {C39297A0-FFF8-4A19-A069-3C17BAB86FDF}
	EndGlobalSection
EndGlobal
